
Microsoft Visual Studio Solution File, Format Version 12.00
# Visual Studio Version 17
VisualStudioVersion = 17.12.35707.178
MinimumVisualStudioVersion = 10.0.40219.1
Project("{FAE04EC0-301F-11D3-BF4B-00C04F79EFBC}") = "BulkyWeb", "BulkyWeb\BulkyWeb.csproj", "{945A6A3C-4827-40F7-810B-90B2D24CCD0B}"
EndProject
Project("{FAE04EC0-301F-11D3-BF4B-00C04F79EFBC}") = "BulkyWebRazor", "BulkyWebRazor\BulkyWebRazor.csproj", "{0BB5D143-DB42-43F4-879C-26C287972AA4}"
EndProject
Project("{FAE04EC0-301F-11D3-BF4B-00C04F79EFBC}") = "Bulky.DataAccess", "Bulky.DataAccess\Bulky.DataAccess.csproj", "{186231DA-1DCB-47A9-A851-71881615212F}"
EndProject
Project("{FAE04EC0-301F-11D3-BF4B-00C04F79EFBC}") = "Bulky.Models", "Bulky.Models\Bulky.Models.csproj", "{E8B8252C-2F54-4E27-BDFF-51C73F27DD9F}"
EndProject
Project("{FAE04EC0-301F-11D3-BF4B-00C04F79EFBC}") = "Bulky.Utility", "Bulky.Utility\Bulky.Utility.csproj", "{3AF9566E-52EA-4930-998E-DE3C78675458}"
EndProject
Global
	GlobalSection(SolutionConfigurationPlatforms) = preSolution
		Debug|Any CPU = Debug|Any CPU
		Release|Any CPU = Release|Any CPU
	EndGlobalSection
	GlobalSection(ProjectConfigurationPlatforms) = postSolution
		{945A6A3C-4827-40F7-810B-90B2D24CCD0B}.Debug|Any CPU.ActiveCfg = Debug|Any CPU
		{945A6A3C-4827-40F7-810B-90B2D24CCD0B}.Debug|Any CPU.Build.0 = Debug|Any CPU
		{945A6A3C-4827-40F7-810B-90B2D24CCD0B}.Release|Any CPU.ActiveCfg = Release|Any CPU
		{945A6A3C-4827-40F7-810B-90B2D24CCD0B}.Release|Any CPU.Build.0 = Release|Any CPU
		{0BB5D143-DB42-43F4-879C-26C287972AA4}.Debug|Any CPU.ActiveCfg = Debug|Any CPU
		{0BB5D143-DB42-43F4-879C-26C287972AA4}.Debug|Any CPU.Build.0 = Debug|Any CPU
		{0BB5D143-DB42-43F4-879C-26C287972AA4}.Release|Any CPU.ActiveCfg = Release|Any CPU
		{0BB5D143-DB42-43F4-879C-26C287972AA4}.Release|Any CPU.Build.0 = Release|Any CPU
		{186231DA-1DCB-47A9-A851-71881615212F}.Debug|Any CPU.ActiveCfg = Debug|Any CPU
		{186231DA-1DCB-47A9-A851-71881615212F}.Debug|Any CPU.Build.0 = Debug|Any CPU
		{186231DA-1DCB-47A9-A851-71881615212F}.Release|Any CPU.ActiveCfg = Release|Any CPU
		{186231DA-1DCB-47A9-A851-71881615212F}.Release|Any CPU.Build.0 = Release|Any CPU
		{E8B8252C-2F54-4E27-BDFF-51C73F27DD9F}.Debug|Any CPU.ActiveCfg = Debug|Any CPU
		{E8B8252C-2F54-4E27-BDFF-51C73F27DD9F}.Debug|Any CPU.Build.0 = Debug|Any CPU
		{E8B8252C-2F54-4E27-BDFF-51C73F27DD9F}.Release|Any CPU.ActiveCfg = Release|Any CPU
		{E8B8252C-2F54-4E27-BDFF-51C73F27DD9F}.Release|Any CPU.Build.0 = Release|Any CPU
		{3AF9566E-52EA-4930-998E-DE3C78675458}.Debug|Any CPU.ActiveCfg = Debug|Any CPU
		{3AF9566E-52EA-4930-998E-DE3C78675458}.Debug|Any CPU.Build.0 = Debug|Any CPU
		{3AF9566E-52EA-4930-998E-DE3C78675458}.Release|Any CPU.ActiveCfg = Release|Any CPU
		{3AF9566E-52EA-4930-998E-DE3C78675458}.Release|Any CPU.Build.0 = Release|Any CPU
	EndGlobalSection
	GlobalSection(SolutionProperties) = preSolution
		HideSolutionNode = FALSE
	EndGlobalSection
	GlobalSection(ExtensibilityGlobals) = postSolution
		SolutionGuid = {7117509F-D0C4-47AB-B6AC-112CDD0E8D11}
	EndGlobalSection
EndGlobal
